# This file is automatically @generated by Cargo.
# It is not intended for manual editing.
version = 4

[[package]]
name = "rem-cli"
version = "0.1.0"
dependencies = [
 "rem-core",
 "rem-rpc",
]

[[package]]
name = "rem-core"
version = "0.1.0"

[[package]]
name = "rem-gui"
version = "0.1.0"

[[package]]
name = "rem-plugin"
version = "0.1.0"

[[package]]
name = "rem-rpc"
version = "0.1.0"

[[package]]
name = "rem-tui"
version = "0.1.0"
